// !$*UTF8*$!
{
	archiveVersion = 1;
	classes = {
	};
	objectVersion = 50;
	objects = {

/* Begin PBXBuildFile section */
		14CC9AA2239B587D00EF0A61 /* AppDelegate.swift in Sources */ = {isa = PBXBuildFile; fileRef = 14CC9AA1239B587D00EF0A61 /* AppDelegate.swift */; };
		14CC9AA4239B587D00EF0A61 /* SceneDelegate.swift in Sources */ = {isa = PBXBuildFile; fileRef = 14CC9AA3239B587D00EF0A61 /* SceneDelegate.swift */; };
		14CC9AA8239B588100EF0A61 /* Assets.xcassets in Resources */ = {isa = PBXBuildFile; fileRef = 14CC9AA7239B588100EF0A61 /* Assets.xcassets */; };
		14CC9AAB239B588100EF0A61 /* Preview Assets.xcassets in Resources */ = {isa = PBXBuildFile; fileRef = 14CC9AAA239B588100EF0A61 /* Preview Assets.xcassets */; };
		14CC9AAE239B588100EF0A61 /* LaunchScreen.storyboard in Resources */ = {isa = PBXBuildFile; fileRef = 14CC9AAC239B588100EF0A61 /* LaunchScreen.storyboard */; };
		14CC9AB6239B58B600EF0A61 /* Note.swift in Sources */ = {isa = PBXBuildFile; fileRef = 14CC9AB5239B58B600EF0A61 /* Note.swift */; };
		14CC9ABB239B592500EF0A61 /* NoteView.swift in Sources */ = {isa = PBXBuildFile; fileRef = 14CC9ABA239B592500EF0A61 /* NoteView.swift */; };
		14CC9AC1239B5B5100EF0A61 /* CloudKit.framework in Frameworks */ = {isa = PBXBuildFile; fileRef = 14CC9AC0239B5B5100EF0A61 /* CloudKit.framework */; };
		14CC9AC3239B5C5D00EF0A61 /* CloudStore.swift in Sources */ = {isa = PBXBuildFile; fileRef = 14CC9AC2239B5C5D00EF0A61 /* CloudStore.swift */; };
		14CC9AC6239B5D6F00EF0A61 /* UserDefaultsExtensions.swift in Sources */ = {isa = PBXBuildFile; fileRef = 14CC9AC5239B5D6F00EF0A61 /* UserDefaultsExtensions.swift */; };
		14CC9AC8239B6B4B00EF0A61 /* CloudSharingController.swift in Sources */ = {isa = PBXBuildFile; fileRef = 14CC9AC7239B6B4B00EF0A61 /* CloudSharingController.swift */; };
/* End PBXBuildFile section */

/* Begin PBXFileReference section */
		14CC9A9E239B587D00EF0A61 /* CloudKitSharing.app */ = {isa = PBXFileReference; explicitFileType = wrapper.application; includeInIndex = 0; path = CloudKitSharing.app; sourceTree = BUILT_PRODUCTS_DIR; };
		14CC9AA1239B587D00EF0A61 /* AppDelegate.swift */ = {isa = PBXFileReference; lastKnownFileType = sourcecode.swift; path = AppDelegate.swift; sourceTree = "<group>"; };
		14CC9AA3239B587D00EF0A61 /* SceneDelegate.swift */ = {isa = PBXFileReference; lastKnownFileType = sourcecode.swift; path = SceneDelegate.swift; sourceTree = "<group>"; };
		14CC9AA7239B588100EF0A61 /* Assets.xcassets */ = {isa = PBXFileReference; lastKnownFileType = folder.assetcatalog; path = Assets.xcassets; sourceTree = "<group>"; };
		14CC9AAA239B588100EF0A61 /* Preview Assets.xcassets */ = {isa = PBXFileReference; lastKnownFileType = folder.assetcatalog; path = "Preview Assets.xcassets"; sourceTree = "<group>"; };
		14CC9AAD239B588100EF0A61 /* Base */ = {isa = PBXFileReference; lastKnownFileType = file.storyboard; name = Base; path = Base.lproj/LaunchScreen.storyboard; sourceTree = "<group>"; };
		14CC9AAF239B588100EF0A61 /* Info.plist */ = {isa = PBXFileReference; lastKnownFileType = text.plist.xml; path = Info.plist; sourceTree = "<group>"; };
		14CC9AB5239B58B600EF0A61 /* Note.swift */ = {isa = PBXFileReference; lastKnownFileType = sourcecode.swift; path = Note.swift; sourceTree = "<group>"; };
		14CC9ABA239B592500EF0A61 /* NoteView.swift */ = {isa = PBXFileReference; lastKnownFileType = sourcecode.swift; path = NoteView.swift; sourceTree = "<group>"; };
		14CC9ABE239B5B4D00EF0A61 /* CloudKitSharing.entitlements */ = {isa = PBXFileReference; lastKnownFileType = text.plist.entitlements; path = CloudKitSharing.entitlements; sourceTree = "<group>"; };
		14CC9AC0239B5B5100EF0A61 /* CloudKit.framework */ = {isa = PBXFileReference; lastKnownFileType = wrapper.framework; name = CloudKit.framework; path = System/Library/Frameworks/CloudKit.framework; sourceTree = SDKROOT; };
		14CC9AC2239B5C5D00EF0A61 /* CloudStore.swift */ = {isa = PBXFileReference; lastKnownFileType = sourcecode.swift; path = CloudStore.swift; sourceTree = "<group>"; };
		14CC9AC5239B5D6F00EF0A61 /* UserDefaultsExtensions.swift */ = {isa = PBXFileReference; lastKnownFileType = sourcecode.swift; path = UserDefaultsExtensions.swift; sourceTree = "<group>"; };
		14CC9AC7239B6B4B00EF0A61 /* CloudSharingController.swift */ = {isa = PBXFileReference; lastKnownFileType = sourcecode.swift; path = CloudSharingController.swift; sourceTree = "<group>"; };
/* End PBXFileReference section */

/* Begin PBXFrameworksBuildPhase section */
		14CC9A9B239B587D00EF0A61 /* Frameworks */ = {
			isa = PBXFrameworksBuildPhase;
			buildActionMask = 2147483647;
			files = (
				14CC9AC1239B5B5100EF0A61 /* CloudKit.framework in Frameworks */,
			);
			runOnlyForDeploymentPostprocessing = 0;
		};
/* End PBXFrameworksBuildPhase section */

/* Begin PBXGroup section */
		14CC9A95239B587D00EF0A61 = {
			isa = PBXGroup;
			children = (
				14CC9AA0239B587D00EF0A61 /* CloudKitSharing */,
				14CC9A9F239B587D00EF0A61 /* Products */,
				14CC9ABF239B5B5100EF0A61 /* Frameworks */,
			);
			sourceTree = "<group>";
		};
		14CC9A9F239B587D00EF0A61 /* Products */ = {
			isa = PBXGroup;
			children = (
				14CC9A9E239B587D00EF0A61 /* CloudKitSharing.app */,
			);
			name = Products;
			sourceTree = "<group>";
		};
		14CC9AA0239B587D00EF0A61 /* CloudKitSharing */ = {
			isa = PBXGroup;
			children = (
				14CC9AB9239B591200EF0A61 /* View */,
				14CC9AB7239B58E300EF0A61 /* Model */,
				14CC9ABC239B5A2700EF0A61 /* CloudKit */,
				14CC9AC4239B5D5900EF0A61 /* Extensions */,
				14CC9AB8239B58EC00EF0A61 /* Launch */,
				14CC9AA7239B588100EF0A61 /* Assets.xcassets */,
				14CC9AAF239B588100EF0A61 /* Info.plist */,
				14CC9ABE239B5B4D00EF0A61 /* CloudKitSharing.entitlements */,
				14CC9AA9239B588100EF0A61 /* Preview Content */,
			);
			path = CloudKitSharing;
			sourceTree = "<group>";
		};
		14CC9AA9239B588100EF0A61 /* Preview Content */ = {
			isa = PBXGroup;
			children = (
				14CC9AAA239B588100EF0A61 /* Preview Assets.xcassets */,
			);
			path = "Preview Content";
			sourceTree = "<group>";
		};
		14CC9AB7239B58E300EF0A61 /* Model */ = {
			isa = PBXGroup;
			children = (
				14CC9AB5239B58B600EF0A61 /* Note.swift */,
			);
			path = Model;
			sourceTree = "<group>";
		};
		14CC9AB8239B58EC00EF0A61 /* Launch */ = {
			isa = PBXGroup;
			children = (
				14CC9AA1239B587D00EF0A61 /* AppDelegate.swift */,
				14CC9AA3239B587D00EF0A61 /* SceneDelegate.swift */,
				14CC9AAC239B588100EF0A61 /* LaunchScreen.storyboard */,
			);
			path = Launch;
			sourceTree = "<group>";
		};
		14CC9AB9239B591200EF0A61 /* View */ = {
			isa = PBXGroup;
			children = (
				14CC9ABA239B592500EF0A61 /* NoteView.swift */,
				14CC9AC7239B6B4B00EF0A61 /* CloudSharingController.swift */,
			);
			path = View;
			sourceTree = "<group>";
		};
		14CC9ABC239B5A2700EF0A61 /* CloudKit */ = {
			isa = PBXGroup;
			children = (
				14CC9AC2239B5C5D00EF0A61 /* CloudStore.swift */,
			);
			path = CloudKit;
			sourceTree = "<group>";
		};
		14CC9ABF239B5B5100EF0A61 /* Frameworks */ = {
			isa = PBXGroup;
			children = (
				14CC9AC0239B5B5100EF0A61 /* CloudKit.framework */,
			);
			name = Frameworks;
			sourceTree = "<group>";
		};
		14CC9AC4239B5D5900EF0A61 /* Extensions */ = {
			isa = PBXGroup;
			children = (
				14CC9AC5239B5D6F00EF0A61 /* UserDefaultsExtensions.swift */,
			);
			path = Extensions;
			sourceTree = "<group>";
		};
/* End PBXGroup section */

/* Begin PBXNativeTarget section */
		14CC9A9D239B587D00EF0A61 /* CloudKitSharing */ = {
			isa = PBXNativeTarget;
			buildConfigurationList = 14CC9AB2239B588100EF0A61 /* Build configuration list for PBXNativeTarget "CloudKitSharing" */;
			buildPhases = (
				14CC9A9A239B587D00EF0A61 /* Sources */,
				14CC9A9B239B587D00EF0A61 /* Frameworks */,
				14CC9A9C239B587D00EF0A61 /* Resources */,
			);
			buildRules = (
			);
			dependencies = (
			);
			name = CloudKitSharing;
			productName = CloudKitSharing;
			productReference = 14CC9A9E239B587D00EF0A61 /* CloudKitSharing.app */;
			productType = "com.apple.product-type.application";
		};
/* End PBXNativeTarget section */

/* Begin PBXProject section */
		14CC9A96239B587D00EF0A61 /* Project object */ = {
			isa = PBXProject;
			attributes = {
				LastSwiftUpdateCheck = 1120;
				LastUpgradeCheck = 1120;
				ORGANIZATIONNAME = "Sean Rich";
				TargetAttributes = {
					14CC9A9D239B587D00EF0A61 = {
						CreatedOnToolsVersion = 11.2.1;
					};
				};
			};
			buildConfigurationList = 14CC9A99239B587D00EF0A61 /* Build configuration list for PBXProject "CloudKitSharing" */;
			compatibilityVersion = "Xcode 9.3";
			developmentRegion = en;
			hasScannedForEncodings = 0;
			knownRegions = (
				en,
				Base,
			);
			mainGroup = 14CC9A95239B587D00EF0A61;
			productRefGroup = 14CC9A9F239B587D00EF0A61 /* Products */;
			projectDirPath = "";
			projectRoot = "";
			targets = (
				14CC9A9D239B587D00EF0A61 /* CloudKitSharing */,
			);
		};
/* End PBXProject section */

/* Begin PBXResourcesBuildPhase section */
		14CC9A9C239B587D00EF0A61 /* Resources */ = {
			isa = PBXResourcesBuildPhase;
			buildActionMask = 2147483647;
			files = (
				14CC9AAE239B588100EF0A61 /* LaunchScreen.storyboard in Resources */,
				14CC9AAB239B588100EF0A61 /* Preview Assets.xcassets in Resources */,
				14CC9AA8239B588100EF0A61 /* Assets.xcassets in Resources */,
			);
			runOnlyForDeploymentPostprocessing = 0;
		};
/* End PBXResourcesBuildPhase section */

/* Begin PBXSourcesBuildPhase section */
		14CC9A9A239B587D00EF0A61 /* Sources */ = {
			isa = PBXSourcesBuildPhase;
			buildActionMask = 2147483647;
			files = (
				14CC9AA2239B587D00EF0A61 /* AppDelegate.swift in Sources */,
				14CC9ABB239B592500EF0A61 /* NoteView.swift in Sources */,
				14CC9AC6239B5D6F00EF0A61 /* UserDefaultsExtensions.swift in Sources */,
				14CC9AA4239B587D00EF0A61 /* SceneDelegate.swift in Sources */,
				14CC9AC3239B5C5D00EF0A61 /* CloudStore.swift in Sources */,
				14CC9AB6239B58B600EF0A61 /* Note.swift in Sources */,
				14CC9AC8239B6B4B00EF0A61 /* CloudSharingController.swift in Sources */,
			);
			runOnlyForDeploymentPostprocessing = 0;
		};
/* End PBXSourcesBuildPhase section */

/* Begin PBXVariantGroup section */
		14CC9AAC239B588100EF0A61 /* LaunchScreen.storyboard */ = {
			isa = PBXVariantGroup;
			children = (
				14CC9AAD239B588100EF0A61 /* Base */,
			);
			name = LaunchScreen.storyboard;
			sourceTree = "<group>";
		};
/* End PBXVariantGroup section */

/* Begin XCBuildConfiguration section */
		14CC9AB0239B588100EF0A61 /* Debug */ = {
			isa = XCBuildConfiguration;
			buildSettings = {
				ALWAYS_SEARCH_USER_PATHS = NO;
				CLANG_ANALYZER_NONNULL = YES;
				CLANG_ANALYZER_NUMBER_OBJECT_CONVERSION = YES_AGGRESSIVE;
				CLANG_CXX_LANGUAGE_STANDARD = "gnu++14";
				CLANG_CXX_LIBRARY = "libc++";
				CLANG_ENABLE_MODULES = YES;
				CLANG_ENABLE_OBJC_ARC = YES;
				CLANG_ENABLE_OBJC_WEAK = YES;
				CLANG_WARN_BLOCK_CAPTURE_AUTORELEASING = YES;
				CLANG_WARN_BOOL_CONVERSION = YES;
				CLANG_WARN_COMMA = YES;
				CLANG_WARN_CONSTANT_CONVERSION = YES;
				CLANG_WARN_DEPRECATED_OBJC_IMPLEMENTATIONS = YES;
				CLANG_WARN_DIRECT_OBJC_ISA_USAGE = YES_ERROR;
				CLANG_WARN_DOCUMENTATION_COMMENTS = YES;
				CLANG_WARN_EMPTY_BODY = YES;
				CLANG_WARN_ENUM_CONVERSION = YES;
				CLANG_WARN_INFINITE_RECURSION = YES;
				CLANG_WARN_INT_CONVERSION = YES;
				CLANG_WARN_NON_LITERAL_NULL_CONVERSION = YES;
				CLANG_WARN_OBJC_IMPLICIT_RETAIN_SELF = YES;
				CLANG_WARN_OBJC_LITERAL_CONVERSION = YES;
				CLANG_WARN_OBJC_ROOT_CLASS = YES_ERROR;
				CLANG_WARN_RANGE_LOOP_ANALYSIS = YES;
				CLANG_WARN_STRICT_PROTOTYPES = YES;
				CLANG_WARN_SUSPICIOUS_MOVE = YES;
				CLANG_WARN_UNGUARDED_AVAILABILITY = YES_AGGRESSIVE;
				CLANG_WARN_UNREACHABLE_CODE = YES;
				CLANG_WARN__DUPLICATE_METHOD_MATCH = YES;
				COPY_PHASE_STRIP = NO;
				DEBUG_INFORMATION_FORMAT = dwarf;
				ENABLE_STRICT_OBJC_MSGSEND = YES;
				ENABLE_TESTABILITY = YES;
				GCC_C_LANGUAGE_STANDARD = gnu11;
				GCC_DYNAMIC_NO_PIC = NO;
				GCC_NO_COMMON_BLOCKS = YES;
				GCC_OPTIMIZATION_LEVEL = 0;
				GCC_PREPROCESSOR_DEFINITIONS = (
					"DEBUG=1",
					"$(inherited)",
				);
				GCC_WARN_64_TO_32_BIT_CONVERSION = YES;
				GCC_WARN_ABOUT_RETURN_TYPE = YES_ERROR;
				GCC_WARN_UNDECLARED_SELECTOR = YES;
				GCC_WARN_UNINITIALIZED_AUTOS = YES_AGGRESSIVE;
				GCC_WARN_UNUSED_FUNCTION = YES;
				GCC_WARN_UNUSED_VARIABLE = YES;
				IPHONEOS_DEPLOYMENT_TARGET = 13.2;
				MTL_ENABLE_DEBUG_INFO = INCLUDE_SOURCE;
				MTL_FAST_MATH = YES;
				ONLY_ACTIVE_ARCH = YES;
				SDKROOT = iphoneos;
				SWIFT_ACTIVE_COMPILATION_CONDITIONS = DEBUG;
				SWIFT_OPTIMIZATION_LEVEL = "-Onone";
			};
			name = Debug;
		};
		14CC9AB1239B588100EF0A61 /* Release */ = {
			isa = XCBuildConfiguration;
			buildSettings = {
				ALWAYS_SEARCH_USER_PATHS = NO;
				CLANG_ANALYZER_NONNULL = YES;
				CLANG_ANALYZER_NUMBER_OBJECT_CONVERSION = YES_AGGRESSIVE;
				CLANG_CXX_LANGUAGE_STANDARD = "gnu++14";
				CLANG_CXX_LIBRARY = "libc++";
				CLANG_ENABLE_MODULES = YES;
				CLANG_ENABLE_OBJC_ARC = YES;
				CLANG_ENABLE_OBJC_WEAK = YES;
				CLANG_WARN_BLOCK_CAPTURE_AUTORELEASING = YES;
				CLANG_WARN_BOOL_CONVERSION = YES;
				CLANG_WARN_COMMA = YES;
				CLANG_WARN_CONSTANT_CONVERSION = YES;
				CLANG_WARN_DEPRECATED_OBJC_IMPLEMENTATIONS = YES;
				CLANG_WARN_DIRECT_OBJC_ISA_USAGE = YES_ERROR;
				CLANG_WARN_DOCUMENTATION_COMMENTS = YES;
				CLANG_WARN_EMPTY_BODY = YES;
				CLANG_WARN_ENUM_CONVERSION = YES;
				CLANG_WARN_INFINITE_RECURSION = YES;
				CLANG_WARN_INT_CONVERSION = YES;
				CLANG_WARN_NON_LITERAL_NULL_CONVERSION = YES;
				CLANG_WARN_OBJC_IMPLICIT_RETAIN_SELF = YES;
				CLANG_WARN_OBJC_LITERAL_CONVERSION = YES;
				CLANG_WARN_OBJC_ROOT_CLASS = YES_ERROR;
				CLANG_WARN_RANGE_LOOP_ANALYSIS = YES;
				CLANG_WARN_STRICT_PROTOTYPES = YES;
				CLANG_WARN_SUSPICIOUS_MOVE = YES;
				CLANG_WARN_UNGUARDED_AVAILABILITY = YES_AGGRESSIVE;
				CLANG_WARN_UNREACHABLE_CODE = YES;
				CLANG_WARN__DUPLICATE_METHOD_MATCH = YES;
				COPY_PHASE_STRIP = NO;
				DEBUG_INFORMATION_FORMAT = "dwarf-with-dsym";
				ENABLE_NS_ASSERTIONS = NO;
				ENABLE_STRICT_OBJC_MSGSEND = YES;
				GCC_C_LANGUAGE_STANDARD = gnu11;
				GCC_NO_COMMON_BLOCKS = YES;
				GCC_WARN_64_TO_32_BIT_CONVERSION = YES;
				GCC_WARN_ABOUT_RETURN_TYPE = YES_ERROR;
				GCC_WARN_UNDECLARED_SELECTOR = YES;
				GCC_WARN_UNINITIALIZED_AUTOS = YES_AGGRESSIVE;
				GCC_WARN_UNUSED_FUNCTION = YES;
				GCC_WARN_UNUSED_VARIABLE = YES;
				IPHONEOS_DEPLOYMENT_TARGET = 13.2;
				MTL_ENABLE_DEBUG_INFO = NO;
				MTL_FAST_MATH = YES;
				SDKROOT = iphoneos;
				SWIFT_COMPILATION_MODE = wholemodule;
				SWIFT_OPTIMIZATION_LEVEL = "-O";
				VALIDATE_PRODUCT = YES;
			};
			name = Release;
		};
		14CC9AB3239B588100EF0A61 /* Debug */ = {
			isa = XCBuildConfiguration;
			buildSettings = {
				ASSETCATALOG_COMPILER_APPICON_NAME = AppIcon;
				CODE_SIGN_ENTITLEMENTS = CloudKitSharing/CloudKitSharing.entitlements;
				CODE_SIGN_STYLE = Automatic;
				DEVELOPMENT_ASSET_PATHS = "\"CloudKitSharing/Preview Content\"";
				DEVELOPMENT_TEAM = MVRNVXG53L;
				ENABLE_PREVIEWS = YES;
				INFOPLIST_FILE = CloudKitSharing/Info.plist;
				LD_RUNPATH_SEARCH_PATHS = (
					"$(inherited)",
					"@executable_path/Frameworks",
				);
				PRODUCT_BUNDLE_IDENTIFIER = com.snowfort.CloudKitSharing;
				PRODUCT_NAME = "$(TARGET_NAME)";
				SWIFT_VERSION = 5.0;
				TARGETED_DEVICE_FAMILY = "1,2";
			};
			name = Debug;
		};
		14CC9AB4239B588100EF0A61 /* Release */ = {
			isa = XCBuildConfiguration;
			buildSettings = {
				ASSETCATALOG_COMPILER_APPICON_NAME = AppIcon;
				CODE_SIGN_ENTITLEMENTS = CloudKitSharing/CloudKitSharing.entitlements;
				CODE_SIGN_STYLE = Automatic;
				DEVELOPMENT_ASSET_PATHS = "\"CloudKitSharing/Preview Content\"";
				DEVELOPMENT_TEAM = MVRNVXG53L;
				ENABLE_PREVIEWS = YES;
				INFOPLIST_FILE = CloudKitSharing/Info.plist;
				LD_RUNPATH_SEARCH_PATHS = (
					"$(inherited)",
					"@executable_path/Frameworks",
				);
				PRODUCT_BUNDLE_IDENTIFIER = com.snowfort.CloudKitSharing;
				PRODUCT_NAME = "$(TARGET_NAME)";
				SWIFT_VERSION = 5.0;
				TARGETED_DEVICE_FAMILY = "1,2";
			};
			name = Release;
		};
/* End XCBuildConfiguration section */

/* Begin XCConfigurationList section */
		14CC9A99239B587D00EF0A61 /* Build configuration list for PBXProject "CloudKitSharing" */ = {
			isa = XCConfigurationList;
			buildConfigurations = (
				14CC9AB0239B588100EF0A61 /* Debug */,
				14CC9AB1239B588100EF0A61 /* Release */,
			);
			defaultConfigurationIsVisible = 0;
			defaultConfigurationName = Release;
		};
		14CC9AB2239B588100EF0A61 /* Build configuration list for PBXNativeTarget "CloudKitSharing" */ = {
			isa = XCConfigurationList;
			buildConfigurations = (
				14CC9AB3239B588100EF0A61 /* Debug */,
				14CC9AB4239B588100EF0A61 /* Release */,
			);
			defaultConfigurationIsVisible = 0;
			defaultConfigurationName = Release;
		};
/* End XCConfigurationList section */
	};
	rootObject = 14CC9A96239B587D00EF0A61 /* Project object */;
}
